
Microsoft Visual Studio Solution File, Format Version 12.00
Project("{96AEEA67-4AD0-495D-951B-61211771C7A6}") = "NodeManager", "src/NodeManager/NodeManager.csproj", "{CF0C475C-7541-485E-9A64-3644EC6DED53}"
EndProject
Global
	GlobalSection(SolutionConfigurationPlatforms) = preSolution
		Debug|Any CPU = Debug|Any CPU
		Release|Any CPU = Release|Any CPU
		Deploy|Any CPU = Deploy|Any CPU
		DeployAndRun|Any CPU = DeployAndRun|Any CPU
	EndGlobalSection
	GlobalSection(ProjectConfigurationPlatforms) = postSolution
		{CF0C475C-7541-485E-9A64-3644EC6DED53}.Debug|Any CPU.ActiveCfg = Debug|Any CPU
		{CF0C475C-7541-485E-9A64-3644EC6DED53}.Debug|Any CPU.Build.0 = Debug|Any CPU
		{CF0C475C-7541-485E-9A64-3644EC6DED53}.Release|Any CPU.ActiveCfg = Release|Any CPU
		{CF0C475C-7541-485E-9A64-3644EC6DED53}.Release|Any CPU.Build.0 = Release|Any CPU
		{CF0C475C-7541-485E-9A64-3644EC6DED53}.Deploy|Any CPU.ActiveCfg = Deploy|Any CPU
		{CF0C475C-7541-485E-9A64-3644EC6DED53}.Deploy|Any CPU.Build.0 = Deploy|Any CPU
		{CF0C475C-7541-485E-9A64-3644EC6DED53}.DeployAndRun|Any CPU.ActiveCfg = DeployAndRun|Any CPU
		{CF0C475C-7541-485E-9A64-3644EC6DED53}.DeployAndRun|Any CPU.Build.0 = DeployAndRun|Any CPU
	EndGlobalSection
EndGlobal

